# This file is autogenerated, do not edit; changes may be undone by the next 'dep ensure'.


[[projects]]
  branch = "master"
  name = "github.com/arl/imgtools"
  packages = [
    ".",
    "binimg",
    "imgscan"
  ]
  revision = "ef7516dfd13efbbd8d64a954dfffc82572c1addf"

[solve-meta]
  analyzer-name = "dep"
  analyzer-version = 1
  inputs-digest = "86c7d3528ca823dde2ebf378df5138cd9bde273a94b137b8f6f1a2ecf4c7dc4e"
  solver-name = "gps-cdcl"
  solver-version = 1
